Microsoft Visual Studio Solution File, Format Version 12.00
# Visual Studio 2012
Project("{FAE04EC0-301F-11D3-BF4B-00C04F79EFBC}") = "CoolRPG", "CoolRPG.csproj", "{3FA46912-B9FD-4D7E-BE6C-8D589E12D912}"
EndProject
Global
	GlobalSection(SolutionConfigurationPlatforms) = preSolution
	Debug|Any CPU = Debug|Any CPU
	ExportDebug|Any CPU = ExportDebug|Any CPU
	ExportRelease|Any CPU = ExportRelease|Any CPU
	EndGlobalSection
	GlobalSection(ProjectConfigurationPlatforms) = postSolution
		{3FA46912-B9FD-4D7E-BE6C-8D589E12D912}.Debug|Any CPU.ActiveCfg = Debug|Any CPU
		{3FA46912-B9FD-4D7E-BE6C-8D589E12D912}.Debug|Any CPU.Build.0 = Debug|Any CPU
		{3FA46912-B9FD-4D7E-BE6C-8D589E12D912}.ExportDebug|Any CPU.ActiveCfg = ExportDebug|Any CPU
		{3FA46912-B9FD-4D7E-BE6C-8D589E12D912}.ExportDebug|Any CPU.Build.0 = ExportDebug|Any CPU
		{3FA46912-B9FD-4D7E-BE6C-8D589E12D912}.ExportRelease|Any CPU.ActiveCfg = ExportRelease|Any CPU
		{3FA46912-B9FD-4D7E-BE6C-8D589E12D912}.ExportRelease|Any CPU.Build.0 = ExportRelease|Any CPU
	EndGlobalSection
EndGlobal
